Microsoft Visual Studio Solution File, Format Version 12.00
# Visual Studio 15
VisualStudioVersion = 15.0.28010.2036
MinimumVisualStudioVersion = 10.0.40219.1
Project("{9A19103F-16F7-4668-BE54-9A1E7A4F7556}") = "BetGroup", "BetGroup\BetGroup.csproj", "{BD7D8D89-1426-417E-A941-F443A0056E1B}"
EndProject
Project("{FAE04EC0-301F-11D3-BF4B-00C04F79EFBC}") = "Repository", "Repository\Repository.csproj", "{157BC861-329C-4235-B068-105B598DA300}"
EndProject
Project("{FAE04EC0-301F-11D3-BF4B-00C04F79EFBC}") = "Business", "Business\Business.csproj", "{BEFF0D02-1C44-4D2F-9BA2-EA474F42E4BA}"
EndProject
Project("{FAE04EC0-301F-11D3-BF4B-00C04F79EFBC}") = "Entities", "Entities\Entities.csproj", "{0879C5C6-2532-4D7E-BA40-80BBAFA8A4A5}"
EndProject
Global
	GlobalSection(SolutionConfigurationPlatforms) = preSolution
		Debug|Any CPU = Debug|Any CPU
		Release|Any CPU = Release|Any CPU
	EndGlobalSection
	GlobalSection(ProjectConfigurationPlatforms) = postSolution
		{BD7D8D89-1426-417E-A941-F443A0056E1B}.Debug|Any CPU.ActiveCfg = Debug|Any CPU
		{BD7D8D89-1426-417E-A941-F443A0056E1B}.Debug|Any CPU.Build.0 = Debug|Any CPU
		{BD7D8D89-1426-417E-A941-F443A0056E1B}.Release|Any CPU.ActiveCfg = Release|Any CPU
		{BD7D8D89-1426-417E-A941-F443A0056E1B}.Release|Any CPU.Build.0 = Release|Any CPU
		{157BC861-329C-4235-B068-105B598DA300}.Debug|Any CPU.ActiveCfg = Debug|Any CPU
		{157BC861-329C-4235-B068-105B598DA300}.Debug|Any CPU.Build.0 = Debug|Any CPU
		{157BC861-329C-4235-B068-105B598DA300}.Release|Any CPU.ActiveCfg = Release|Any CPU
		{157BC861-329C-4235-B068-105B598DA300}.Release|Any CPU.Build.0 = Release|Any CPU
		{BEFF0D02-1C44-4D2F-9BA2-EA474F42E4BA}.Debug|Any CPU.ActiveCfg = Debug|Any CPU
		{BEFF0D02-1C44-4D2F-9BA2-EA474F42E4BA}.Debug|Any CPU.Build.0 = Debug|Any CPU
		{BEFF0D02-1C44-4D2F-9BA2-EA474F42E4BA}.Release|Any CPU.ActiveCfg = Release|Any CPU
		{BEFF0D02-1C44-4D2F-9BA2-EA474F42E4BA}.Release|Any CPU.Build.0 = Release|Any CPU
		{0879C5C6-2532-4D7E-BA40-80BBAFA8A4A5}.Debug|Any CPU.ActiveCfg = Debug|Any CPU
		{0879C5C6-2532-4D7E-BA40-80BBAFA8A4A5}.Debug|Any CPU.Build.0 = Debug|Any CPU
		{0879C5C6-2532-4D7E-BA40-80BBAFA8A4A5}.Release|Any CPU.ActiveCfg = Release|Any CPU
		{0879C5C6-2532-4D7E-BA40-80BBAFA8A4A5}.Release|Any CPU.Build.0 = Release|Any CPU
	EndGlobalSection
	GlobalSection(SolutionProperties) = preSolution
		HideSolutionNode = FALSE
	EndGlobalSection
	GlobalSection(ExtensibilityGlobals) = postSolution
		SolutionGuid = {699B2524-9FF8-4F89-93BA-7AD92254DF3A}
	EndGlobalSection
EndGlobal
